
Microsoft Visual Studio Solution File, Format Version 12.00
# Visual Studio 2013
VisualStudioVersion = 12.0.31101.0
MinimumVisualStudioVersion = 10.0.40219.1
Project("{FAE04EC0-301F-11D3-BF4B-00C04F79EFBC}") = "MyMemcached", "MyMemcached\MyMemcached.csproj", "{7F7E9C9E-4B34-4D29-88FC-A2771492BB5E}"
EndProject
Project("{FAE04EC0-301F-11D3-BF4B-00C04F79EFBC}") = "clientlib_2.0", "clientlib\src\clientlib\clientlib_2.0.csproj", "{4770D032-9B06-450D-8B00-7200D8330397}"
EndProject
Global
	GlobalSection(SolutionConfigurationPlatforms) = preSolution
		Debug|Any CPU = Debug|Any CPU
		Release|Any CPU = Release|Any CPU
	EndGlobalSection
	GlobalSection(ProjectConfigurationPlatforms) = postSolution
		{7F7E9C9E-4B34-4D29-88FC-A2771492BB5E}.Debug|Any CPU.ActiveCfg = Debug|Any CPU
		{7F7E9C9E-4B34-4D29-88FC-A2771492BB5E}.Debug|Any CPU.Build.0 = Debug|Any CPU
		{7F7E9C9E-4B34-4D29-88FC-A2771492BB5E}.Release|Any CPU.ActiveCfg = Release|Any CPU
		{7F7E9C9E-4B34-4D29-88FC-A2771492BB5E}.Release|Any CPU.Build.0 = Release|Any CPU
		{4770D032-9B06-450D-8B00-7200D8330397}.Debug|Any CPU.ActiveCfg = Debug|Any CPU
		{4770D032-9B06-450D-8B00-7200D8330397}.Debug|Any CPU.Build.0 = Debug|Any CPU
		{4770D032-9B06-450D-8B00-7200D8330397}.Release|Any CPU.ActiveCfg = Release|Any CPU
		{4770D032-9B06-450D-8B00-7200D8330397}.Release|Any CPU.Build.0 = Release|Any CPU
	EndGlobalSection
	GlobalSection(SolutionProperties) = preSolution
		HideSolutionNode = FALSE
	EndGlobalSection
EndGlobal
